{
  "nodes": {
    "b16": {
      "inputs": {
        "utils": [
          "utils"
        ]
      },
      "locked": {
        "lastModified": 1741847448,
        "narHash": "sha256-hdOxTPyfYwdyZ0XYNlCHJGTHPzAoGUQSsSOYmtJeLwI=",
        "owner": "NewDawn0",
        "repo": "b16.nvim",
        "rev": "4ca9d3e5f534312711b38fd44226f3347700e2da",
        "type": "github"
      },
      "original": {
        "owner": "NewDawn0",
        "repo": "b16.nvim",
        "type": "github"
      }
    },
    "build-nvim": {
      "inputs": {
        "utils": [
          "utils"
        ]
      },
      "locked": {
        "lastModified": 1740060605,
        "narHash": "sha256-rv/F5Fcov+doC0soUaaxSNYN2tEnlqd5VqQJDG884DY=",
        "owner": "NewDawn0",
        "repo": "build.nvim",
        "rev": "604f15a80d98a8f1da75328981aa54e0dc451acc",
        "type": "github"
      },
      "original": {
        "owner": "NewDawn0",
        "repo": "build.nvim",
        "type": "github"
      }
    },
    "cmp-locked": {
      "inputs": {
        "nixpkgs": "nixpkgs",
        "utils": "utils"
      },
      "locked": {
        "lastModified": 1741808867,
        "narHash": "sha256-rYCXTjGFNjV8sA5DESOcOV9/xSflqH8Tl54ntN1NBDY=",
        "owner": "NewDawn0",
        "repo": "nvimCmpLocked",
        "rev": "2780505f309dd589c2ba24aefcca67bd8da84874",
        "type": "github"
      },
      "original": {
        "owner": "NewDawn0",
        "repo": "nvimCmpLocked",
        "type": "github"
      }
    },
    "loader": {
      "inputs": {
        "nixpkgs": [
          "nixpkgs"
        ],
        "utils": [
          "utils"
        ]
      },
      "locked": {
        "lastModified": 1741822948,
        "narHash": "sha256-U6jw2pkvdbIvpLmJc/Q4k7fsgSNqmwau3UUiSA1Plog=",
        "owner": "NewDawn0",
        "repo": "loader.nvim",
        "rev": "bd7fee0f128fd6cbf79ba42c01ec2195fef65be5",
        "type": "github"
      },
      "original": {
        "owner": "NewDawn0",
        "repo": "loader.nvim",
        "type": "github"
      }
    },
    "nix-systems": {
      "locked": {
        "lastModified": 1681028828,
        "narHash": "sha256-Vy1rq5AaRuLzOxct8nz4T6wlgyUR7zLU309k9mBC768=",
        "owner": "nix-systems",
        "repo": "default",
        "rev": "da67096a3b9bf56a91d16901293e51ba5b49a27e",
        "type": "github"
      },
      "original": {
        "owner": "nix-systems",
        "repo": "default",
        "type": "github"
      }
    },
    "nix-systems_2": {
      "locked": {
        "lastModified": 1681028828,
        "narHash": "sha256-Vy1rq5AaRuLzOxct8nz4T6wlgyUR7zLU309k9mBC768=",
        "owner": "nix-systems",
        "repo": "default",
        "rev": "da67096a3b9bf56a91d16901293e51ba5b49a27e",
        "type": "github"
      },
      "original": {
        "owner": "nix-systems",
        "repo": "default",
        "type": "github"
      }
    },
    "nixpkgs": {
      "locked": {
        "lastModified": 1741808355,
        "narHash": "sha256-LNCRRGx/uXHtT+DUErTD9+k5dCoER4OxykfWt92WpJU=",
        "owner": "nixos",
        "repo": "nixpkgs",
        "rev": "153ac89fba9f5f9e87690e46b214506da10ae4fd",
        "type": "github"
      },
      "original": {
        "owner": "nixos",
        "repo": "nixpkgs",
        "type": "github"
      }
    },
    "nixpkgs_2": {
      "locked": {
        "lastModified": 1737253822,
        "narHash": "sha256-yU7hu+fIUJa+YwPt7Y2rl2R+CuSIwxDESJqqccCEHz0=",
        "owner": "nixos",
        "repo": "nixpkgs",
        "rev": "a8815cdd42062c104459947067bd4a92c3ecbbd8",
        "type": "github"
      },
      "original": {
        "owner": "nixos",
        "repo": "nixpkgs",
        "type": "github"
      }
    },
    "nixpkgs_3": {
      "locked": {
        "lastModified": 1731975645,
        "narHash": "sha256-oICuoDypU9lL+f6Cg/QJ4q1CyCCE566Dx8ihnVvto8o=",
        "owner": "nixos",
        "repo": "nixpkgs",
        "rev": "b0d941edb4ceb521b310a08645de08b4c95142f0",
        "type": "github"
      },
      "original": {
        "owner": "nixos",
        "repo": "nixpkgs",
        "type": "github"
      }
    },
    "root": {
      "inputs": {
        "b16": "b16",
        "build-nvim": "build-nvim",
        "cmp-locked": "cmp-locked",
        "loader": "loader",
        "nixpkgs": "nixpkgs_3",
        "utils": "utils_2"
      }
    },
    "utils": {
      "inputs": {
        "nix-systems": "nix-systems",
        "nixpkgs": "nixpkgs_2"
      },
      "locked": {
        "lastModified": 1737848169,
        "narHash": "sha256-r0grvjFeqPO9n3JvoVfFCP4EndfyYm9uY3tFeVzAu7Q=",
        "owner": "NewDawn0",
        "repo": "nixUtils",
        "rev": "28fd3a18f6b771ec0ce73acfa6008a9faf4e92f5",
        "type": "github"
      },
      "original": {
        "owner": "NewDawn0",
        "repo": "nixUtils",
        "type": "github"
      }
    },
    "utils_2": {
      "inputs": {
        "nix-systems": "nix-systems_2",
        "nixpkgs": [
          "nixpkgs"
        ]
      },
      "locked": {
        "lastModified": 1737848169,
        "narHash": "sha256-r0grvjFeqPO9n3JvoVfFCP4EndfyYm9uY3tFeVzAu7Q=",
        "owner": "NewDawn0",
        "repo": "nixUtils",
        "rev": "28fd3a18f6b771ec0ce73acfa6008a9faf4e92f5",
        "type": "github"
      },
      "original": {
        "owner": "NewDawn0",
        "repo": "nixUtils",
        "type": "github"
      }
    }
  },
  "root": "root",
  "version": 7
}
