{
  "nodes": {
    "b16-nvim": {
      "inputs": {
        "utils": [
          "utils"
        ]
      },
      "locked": {
        "lastModified": 1745163602,
        "narHash": "sha256-UI7uwWRgBlyynYg1tHU0XLhYmYSZfu9gC6+qjFrE5ac=",
        "path": "/Users/dawn/GitHub/b16.nvim",
        "type": "path"
      },
      "original": {
        "path": "/Users/dawn/GitHub/b16.nvim",
        "type": "path"
      }
    },
    "build-nvim": {
      "inputs": {
        "utils": [
          "utils"
        ]
      },
      "locked": {
        "lastModified": 1745163604,
        "narHash": "sha256-IwdU62htog3aYfGC63623FwUtxHFzvdDvQU9bcKjQPY=",
        "owner": "NewDawn0",
        "repo": "build.nvim",
        "rev": "00beede15b822e02651926ad496db9d50f0eef8f",
        "type": "github"
      },
      "original": {
        "owner": "NewDawn0",
        "repo": "build.nvim",
        "type": "github"
      }
    },
    "cmp-locked": {
      "inputs": {
        "utils": "utils"
      },
      "locked": {
        "lastModified": 1742710944,
        "narHash": "sha256-S8vsGesoq8ql1rPgYrkfR2PVL7rt2w+4rTrUn8Id7Ng=",
        "owner": "NewDawn0",
        "repo": "nvimCmpLocked",
        "rev": "3dfac987a327a7f3de3a7044d2fc824fcb6d4342",
        "type": "github"
      },
      "original": {
        "owner": "NewDawn0",
        "repo": "nvimCmpLocked",
        "type": "github"
      }
    },
    "loader-nvim": {
      "inputs": {
        "utils": [
          "utils"
        ]
      },
      "locked": {
        "lastModified": 1745163612,
        "narHash": "sha256-U6dbFDQR7VsnzA9crCbocgA+vQ9+xPz7RhuX/zOovpo=",
        "owner": "NewDawn0",
        "repo": "loader.nvim",
        "rev": "b14bbbe227d46b4b4d6c60cf56f045ee3540322a",
        "type": "github"
      },
      "original": {
        "owner": "NewDawn0",
        "repo": "loader.nvim",
        "type": "github"
      }
    },
    "nix-systems": {
      "locked": {
        "lastModified": 1681028828,
        "narHash": "sha256-Vy1rq5AaRuLzOxct8nz4T6wlgyUR7zLU309k9mBC768=",
        "owner": "nix-systems",
        "repo": "default",
        "rev": "da67096a3b9bf56a91d16901293e51ba5b49a27e",
        "type": "github"
      },
      "original": {
        "owner": "nix-systems",
        "repo": "default",
        "type": "github"
      }
    },
    "nix-systems_2": {
      "locked": {
        "lastModified": 1681028828,
        "narHash": "sha256-Vy1rq5AaRuLzOxct8nz4T6wlgyUR7zLU309k9mBC768=",
        "owner": "nix-systems",
        "repo": "default",
        "rev": "da67096a3b9bf56a91d16901293e51ba5b49a27e",
        "type": "github"
      },
      "original": {
        "owner": "nix-systems",
        "repo": "default",
        "type": "github"
      }
    },
    "nixpkgs": {
      "locked": {
        "lastModified": 1737253822,
        "narHash": "sha256-yU7hu+fIUJa+YwPt7Y2rl2R+CuSIwxDESJqqccCEHz0=",
        "owner": "nixos",
        "repo": "nixpkgs",
        "rev": "a8815cdd42062c104459947067bd4a92c3ecbbd8",
        "type": "github"
      },
      "original": {
        "owner": "nixos",
        "repo": "nixpkgs",
        "type": "github"
      }
    },
    "nixpkgs_2": {
      "locked": {
        "lastModified": 1745162415,
        "narHash": "sha256-U18dEvBdIvTUrJ2NHOlWeHvXW31PlrmnUJFx0JdD98o=",
        "owner": "nixos",
        "repo": "nixpkgs",
        "rev": "83727f2c7866a6a71990ff3ba931c0f0b12a47b5",
        "type": "github"
      },
      "original": {
        "owner": "nixos",
        "repo": "nixpkgs",
        "type": "github"
      }
    },
    "root": {
      "inputs": {
        "b16-nvim": "b16-nvim",
        "build-nvim": "build-nvim",
        "cmp-locked": "cmp-locked",
        "loader-nvim": "loader-nvim",
        "utils": "utils_2"
      }
    },
    "utils": {
      "inputs": {
        "nix-systems": "nix-systems",
        "nixpkgs": "nixpkgs"
      },
      "locked": {
        "lastModified": 1742710718,
        "narHash": "sha256-MN+koGWdg1t4eviMwJn1Clfq7n13iXZ0QBhEgPI+iZI=",
        "owner": "NewDawn0",
        "repo": "nixUtils",
        "rev": "d7689e454a587b8921556e5bce0d94c3f2910f7f",
        "type": "github"
      },
      "original": {
        "owner": "NewDawn0",
        "repo": "nixUtils",
        "type": "github"
      }
    },
    "utils_2": {
      "inputs": {
        "nix-systems": "nix-systems_2",
        "nixpkgs": "nixpkgs_2"
      },
      "locked": {
        "lastModified": 1745163594,
        "narHash": "sha256-BtY3k1+IeerIwEqR2sE/MeM75Xpkm9+5TFoQg+4QjCk=",
        "owner": "NewDawn0",
        "repo": "nixUtils",
        "rev": "0e485128fab028b5a0c3354c1ddbe84f918def6b",
        "type": "github"
      },
      "original": {
        "owner": "NewDawn0",
        "repo": "nixUtils",
        "type": "github"
      }
    }
  },
  "root": "root",
  "version": 7
}
