{
  "nodes": {
    "b16-nvim": {
      "inputs": {
        "utils": [
          "utils"
        ]
      },
      "locked": {
        "lastModified": 1745390036,
        "narHash": "sha256-qSoPvJIYO4PRoabw26TPyTkVDy5oxpvZEOrW/uN1ZNw=",
        "owner": "NewDawn0",
        "repo": "b16.nvim",
        "rev": "885c7315079e049fc9c6debf80c449aada63535d",
        "type": "github"
      },
      "original": {
        "owner": "NewDawn0",
        "repo": "b16.nvim",
        "type": "github"
      }
    },
    "build-nvim": {
      "inputs": {
        "utils": [
          "utils"
        ]
      },
      "locked": {
        "lastModified": 1745390039,
        "narHash": "sha256-6UhS9cgbSuAqEI82OPCi7RYZjAfe2D+kI4BqbFpvEk0=",
        "owner": "NewDawn0",
        "repo": "build.nvim",
        "rev": "a699f873863dd51151d29b764ce929d6649ecc24",
        "type": "github"
      },
      "original": {
        "owner": "NewDawn0",
        "repo": "build.nvim",
        "type": "github"
      }
    },
    "cmp-locked-nvim": {
      "inputs": {
        "nixpkgs": "nixpkgs",
        "utils": "utils"
      },
      "locked": {
        "lastModified": 1746541487,
        "narHash": "sha256-xaG2x7WVV6lhyimvaJxczJhKQc5WJvDSwnLEVKnXjH0=",
        "owner": "NewDawn0",
        "repo": "nvimCmpLocked",
        "rev": "026f386740ec42b1f91892b1f00c72d25ccf6c67",
        "type": "github"
      },
      "original": {
        "owner": "NewDawn0",
        "repo": "nvimCmpLocked",
        "type": "github"
      }
    },
    "loader-nvim": {
      "inputs": {
        "utils": [
          "utils"
        ]
      },
      "locked": {
        "lastModified": 1746540687,
        "narHash": "sha256-jRbDFgB1qG0MyzBR5PFs40Hx54CkkR5Cv3UTHlDtisM=",
        "owner": "NewDawn0",
        "repo": "loader.nvim",
        "rev": "6cd307bd52700c619121ad03f13a92d5b9c79784",
        "type": "github"
      },
      "original": {
        "owner": "NewDawn0",
        "repo": "loader.nvim",
        "type": "github"
      }
    },
    "nix-systems": {
      "locked": {
        "lastModified": 1681028828,
        "narHash": "sha256-Vy1rq5AaRuLzOxct8nz4T6wlgyUR7zLU309k9mBC768=",
        "owner": "nix-systems",
        "repo": "default",
        "rev": "da67096a3b9bf56a91d16901293e51ba5b49a27e",
        "type": "github"
      },
      "original": {
        "owner": "nix-systems",
        "repo": "default",
        "type": "github"
      }
    },
    "nix-systems_2": {
      "locked": {
        "lastModified": 1681028828,
        "narHash": "sha256-Vy1rq5AaRuLzOxct8nz4T6wlgyUR7zLU309k9mBC768=",
        "owner": "nix-systems",
        "repo": "default",
        "rev": "da67096a3b9bf56a91d16901293e51ba5b49a27e",
        "type": "github"
      },
      "original": {
        "owner": "nix-systems",
        "repo": "default",
        "type": "github"
      }
    },
    "nixpkgs": {
      "locked": {
        "lastModified": 1746541067,
        "narHash": "sha256-dmp9ZPfYj+CaaHY831blMpWEucee6KZe1qx7j8DKm+E=",
        "owner": "NixOS",
        "repo": "nixpkgs",
        "rev": "39b847c159e9e9a1b8ee56b50099b734f5a7c637",
        "type": "github"
      },
      "original": {
        "owner": "NixOS",
        "repo": "nixpkgs",
        "type": "github"
      }
    },
    "nixpkgs_2": {
      "locked": {
        "lastModified": 1746541067,
        "narHash": "sha256-dmp9ZPfYj+CaaHY831blMpWEucee6KZe1qx7j8DKm+E=",
        "owner": "NixOS",
        "repo": "nixpkgs",
        "rev": "39b847c159e9e9a1b8ee56b50099b734f5a7c637",
        "type": "github"
      },
      "original": {
        "owner": "NixOS",
        "repo": "nixpkgs",
        "type": "github"
      }
    },
    "root": {
      "inputs": {
        "b16-nvim": "b16-nvim",
        "build-nvim": "build-nvim",
        "cmp-locked-nvim": "cmp-locked-nvim",
        "loader-nvim": "loader-nvim",
        "nixpkgs": "nixpkgs_2",
        "utils": "utils_2"
      }
    },
    "utils": {
      "inputs": {
        "nix-systems": "nix-systems",
        "nixpkgs": [
          "cmp-locked-nvim",
          "nixpkgs"
        ]
      },
      "locked": {
        "lastModified": 1745390014,
        "narHash": "sha256-fRr/v396NBj140H80PdZGdObGP7SLcDw5OKY1BgLSW0=",
        "owner": "NewDawn0",
        "repo": "nixUtils",
        "rev": "a8d08dbc5f64aaecd937e7f434330618f663c779",
        "type": "github"
      },
      "original": {
        "owner": "NewDawn0",
        "repo": "nixUtils",
        "type": "github"
      }
    },
    "utils_2": {
      "inputs": {
        "nix-systems": "nix-systems_2",
        "nixpkgs": [
          "nixpkgs"
        ]
      },
      "locked": {
        "lastModified": 1745390014,
        "narHash": "sha256-fRr/v396NBj140H80PdZGdObGP7SLcDw5OKY1BgLSW0=",
        "owner": "NewDawn0",
        "repo": "nixUtils",
        "rev": "a8d08dbc5f64aaecd937e7f434330618f663c779",
        "type": "github"
      },
      "original": {
        "owner": "NewDawn0",
        "repo": "nixUtils",
        "type": "github"
      }
    }
  },
  "root": "root",
  "version": 7
}
